# This file is automatically @generated by pesde.
# It is not intended for manual editing.
format = 2
name = "neond00m/replecs"
version = "0.0.1-rc.2-dev.8"
target = "roblox"

[graph."wally#ukendio/jecs@0.9.0-rc.8 roblox"]
direct = ["jecs", { wally = "wally#ukendio/jecs", version = "^0.9.0-rc.8", index = "default" }, "standard"]

[graph."wally#ukendio/jecs@0.9.0-rc.8 roblox".pkg_ref]
ref_ty = "wally"
index_url = "https://github.com/UpliftGames/wally-index"
